
Microsoft Visual Studio Solution File, Format Version 12.00
# Visual Studio Version 16
VisualStudioVersion = 16.0.32602.291
MinimumVisualStudioVersion = 10.0.40219.1
Project("{FAE04EC0-301F-11D3-BF4B-00C04F79EFBC}") = "HelloWorldApp", "HelloWorldApp\HelloWorldApp.csproj", "{A54456C1-551A-4C78-9FF7-6BB1668A6C1D}"
EndProject
Global
	GlobalSection(SolutionConfigurationPlatforms) = preSolution
		Debug|Any CPU = Debug|Any CPU
		Release|Any CPU = Release|Any CPU
	EndGlobalSection
	GlobalSection(ProjectConfigurationPlatforms) = postSolution
		{A54456C1-551A-4C78-9FF7-6BB1668A6C1D}.Debug|Any CPU.ActiveCfg = Debug|Any CPU
		{A54456C1-551A-4C78-9FF7-6BB1668A6C1D}.Debug|Any CPU.Build.0 = Debug|Any CPU
		{A54456C1-551A-4C78-9FF7-6BB1668A6C1D}.Release|Any CPU.ActiveCfg = Release|Any CPU
		{A54456C1-551A-4C78-9FF7-6BB1668A6C1D}.Release|Any CPU.Build.0 = Release|Any CPU
	EndGlobalSection
	GlobalSection(SolutionProperties) = preSolution
		HideSolutionNode = FALSE
	EndGlobalSection
	GlobalSection(ExtensibilityGlobals) = postSolution
		SolutionGuid = {5EEB65EC-30F5-4E28-B2FE-5094EB77DD9A}
	EndGlobalSection
EndGlobal
